
Microsoft Visual Studio Solution File, Format Version 12.00
# Visual Studio Version 17
VisualStudioVersion = 17.0.31903.59
MinimumVisualStudioVersion = 10.0.40219.1
Project("{FAE04EC0-301F-11D3-BF4B-00C04F79EFBC}") = "Bank.Api", "Bank.Api\Bank.Api.csproj", "{9E8DB925-1404-41DA-9B80-212DE3949970}"
EndProject
Project("{FAE04EC0-301F-11D3-BF4B-00C04F79EFBC}") = "Bank.Domain", "Bank.Domain\Bank.Domain.csproj", "{CFFD147A-C7B8-4B48-86F5-6A37D6C9D57B}"
EndProject
Project("{FAE04EC0-301F-11D3-BF4B-00C04F79EFBC}") = "Bank.Application", "Bank.Application\Bank.Application.csproj", "{0A44356E-B65E-4B47-B43D-DE8209EEEC8D}"
EndProject
Project("{FAE04EC0-301F-11D3-BF4B-00C04F79EFBC}") = "Bank.Infrastructure", "Bank.Infrastructure\Bank.Infrastructure.csproj", "{15338453-F090-417B-A48D-830010335D9A}"
EndProject
Project("{FAE04EC0-301F-11D3-BF4B-00C04F79EFBC}") = "Bank.Domain.Tests", "Bank.Domain.Tests\Bank.Domain.Tests.csproj", "{E9C074C1-004B-4F69-BF02-EB86A3AA37B3}"
EndProject
Project("{FAE04EC0-301F-11D3-BF4B-00C04F79EFBC}") = "Bank.Application.Tests", "Bank.Application.Tests\Bank.Application.Tests.csproj", "{50567A8D-BE84-4BED-8268-AD1F5262574C}"
EndProject
Project("{FAE04EC0-301F-11D3-BF4B-00C04F79EFBC}") = "Bank.Infrastructure.Tests", "Bank.Infrastructure.Tests\Bank.Infrastructure.Tests.csproj", "{048A4668-22DB-4938-A1EC-52E55CC5529B}"
EndProject
Project("{FAE04EC0-301F-11D3-BF4B-00C04F79EFBC}") = "Bank.Api.IntegrationTests", "Bank.Api.IntegrationTests\Bank.Api.IntegrationTests.csproj", "{B99B9DAD-4F08-4973-993E-6F4CAF6F0D7B}"
EndProject
Project("{FAE04EC0-301F-11D3-BF4B-00C04F79EFBC}") = "Bank.Host", "Bank.Host\Bank.Host.csproj", "{964DD9E7-3800-42A7-9512-021A040FA607}"
EndProject
Project("{FAE04EC0-301F-11D3-BF4B-00C04F79EFBC}") = "Bank.Contracts", "Bank.Contracts\Bank.Contracts.csproj", "{D9CC8729-9811-406C-ABDA-C1E41C96DC42}"
EndProject
Project("{FAE04EC0-301F-11D3-BF4B-00C04F79EFBC}") = "Bank.BuildingBlocks.Domain", "BuildingBlocks\Bank.BuildingBlocks.Domain\Bank.BuildingBlocks.Domain.csproj", "{04664FEA-AC79-43B2-9223-57EB535AD13F}"
EndProject
Project("{FAE04EC0-301F-11D3-BF4B-00C04F79EFBC}") = "Bank.BuildingBlocks.Application", "BuildingBlocks\Bank.BuildingBlocks.Application\Bank.BuildingBlocks.Application.csproj", "{F8FC3446-6878-45AD-84FA-6FD62DC37F14}"
EndProject
Project("{FAE04EC0-301F-11D3-BF4B-00C04F79EFBC}") = "Bank.BuildingBlocks.Infrastructure", "BuildingBlocks\Bank.BuildingBlocks.Infrastructure\Bank.BuildingBlocks.Infrastructure.csproj", "{B6C0D2FD-0C5C-4790-B12D-AAF9B680ABC1}"
EndProject
Project("{FAE04EC0-301F-11D3-BF4B-00C04F79EFBC}") = "Bank.Notifications.Domain", "Modules\Notifications\Bank.Notifications.Domain\Bank.Notifications.Domain.csproj", "{B52F86A2-0D1D-4841-A9E2-1DB6C3C0DA25}"
EndProject
Project("{FAE04EC0-301F-11D3-BF4B-00C04F79EFBC}") = "Bank.Notifications.Application", "Modules\Notifications\Bank.Notifications.Application\Bank.Notifications.Application.csproj", "{1E61BC39-95D0-426F-85C7-82B24CB30F23}"
EndProject
Project("{FAE04EC0-301F-11D3-BF4B-00C04F79EFBC}") = "Bank.Notifications.Infrastructure", "Modules\Notifications\Bank.Notifications.Infrastructure\Bank.Notifications.Infrastructure.csproj", "{DDCFF4DF-12ED-419E-9ED9-21DD043AB329}"
EndProject
Project("{FAE04EC0-301F-11D3-BF4B-00C04F79EFBC}") = "Bank.Notifications.Presentation", "Modules\Notifications\Bank.Notifications.Presentation\Bank.Notifications.Presentation.csproj", "{FF7524D7-39BB-4A6B-8A65-4C20D45AEF6E}"
EndProject
Project("{FAE04EC0-301F-11D3-BF4B-00C04F79EFBC}") = "Bank.Payments.Domain", "Modules\Payments\Bank.Payments.Domain\Bank.Payments.Domain.csproj", "{C481C6AD-BB1C-40C3-89CF-8757AEEEF20E}"
EndProject
Project("{FAE04EC0-301F-11D3-BF4B-00C04F79EFBC}") = "Bank.Payments.Application", "Modules\Payments\Bank.Payments.Application\Bank.Payments.Application.csproj", "{1F634526-611C-44EB-B4EB-A351F2D03B55}"
EndProject
Project("{FAE04EC0-301F-11D3-BF4B-00C04F79EFBC}") = "Bank.Payments.Infrastructure", "Modules\Payments\Bank.Payments.Infrastructure\Bank.Payments.Infrastructure.csproj", "{7C6F8D85-8330-4EBF-B878-45B91B4C618D}"
EndProject
Project("{FAE04EC0-301F-11D3-BF4B-00C04F79EFBC}") = "Bank.Payments.Presentation", "Modules\Payments\Bank.Payments.Presentation\Bank.Payments.Presentation.csproj", "{55226878-78A8-4A7F-AC5A-840859FFF9C7}"
EndProject
Project("{FAE04EC0-301F-11D3-BF4B-00C04F79EFBC}") = "Bank.Architecture.Tests", "Bank.Architecture.Tests\Bank.Architecture.Tests.csproj", "{2422E798-BAA8-457C-8823-508449646F78}"
EndProject
Project("{2150E333-8FDC-42A3-9474-1A3956D46DE8}") = "Modules", "Modules", "{CA253913-39DE-BFD0-C9A3-4B7EC6FBDF17}"
EndProject
Project("{2150E333-8FDC-42A3-9474-1A3956D46DE8}") = "Identity", "Identity", "{1B4E5C2D-8F9A-4E2B-9C1D-5E7F6A2B3C4D}"
EndProject
Project("{FAE04EC0-301F-11D3-BF4B-00C04F79EFBC}") = "Bank.Identity.Domain", "Modules\Identity\Bank.Identity.Domain\Bank.Identity.Domain.csproj", "{5A1B2C3D-4E5F-6A7B-8C9D-0E1F2A3B4C5D}"
EndProject
Project("{FAE04EC0-301F-11D3-BF4B-00C04F79EFBC}") = "Bank.Identity.Application", "Modules\Identity\Bank.Identity.Application\Bank.Identity.Application.csproj", "{6B2C3D4E-5F6A-7B8C-9D0E-1F2A3B4C5D6E}"
EndProject
Project("{FAE04EC0-301F-11D3-BF4B-00C04F79EFBC}") = "Bank.Identity.Infrastructure", "Modules\Identity\Bank.Identity.Infrastructure\Bank.Identity.Infrastructure.csproj", "{7C3D4E5F-6A7B-8C9D-0E1F-2A3B4C5D6E7F}"
EndProject
Project("{FAE04EC0-301F-11D3-BF4B-00C04F79EFBC}") = "Bank.Identity.Presentation", "Modules\Identity\Bank.Identity.Presentation\Bank.Identity.Presentation.csproj", "{8D4E5F6A-7B8C-9D0E-1F2A-3B4C5D6E7F8A}"
EndProject
Project("{FAE04EC0-301F-11D3-BF4B-00C04F79EFBC}") = "Bank.Identity.Tests", "Modules\Identity\Bank.Identity.Tests\Bank.Identity.Tests.csproj", "{9E5F6A7B-8C9D-0E1F-2A3B-4C5D6E7F8A9B}"
EndProject
Project("{2150E333-8FDC-42A3-9474-1A3956D46DE8}") = "CoreBanking", "CoreBanking", "{0A3516B1-79E3-F1B7-E1A5-489ABD645249}"
EndProject
Project("{FAE04EC0-301F-11D3-BF4B-00C04F79EFBC}") = "Bank.CoreBanking.Domain", "Modules\CoreBanking\Bank.CoreBanking.Domain\Bank.CoreBanking.Domain.csproj", "{29DEE85F-90E2-499D-BD55-AEC0CE310B24}"
EndProject
Project("{FAE04EC0-301F-11D3-BF4B-00C04F79EFBC}") = "Bank.CoreBanking.Application", "Modules\CoreBanking\Bank.CoreBanking.Application\Bank.CoreBanking.Application.csproj", "{6F44F2DD-B6AB-43C7-89AB-75EDCE7BAE18}"
EndProject
Project("{FAE04EC0-301F-11D3-BF4B-00C04F79EFBC}") = "Bank.CoreBanking.Infrastructure", "Modules\CoreBanking\Bank.CoreBanking.Infrastructure\Bank.CoreBanking.Infrastructure.csproj", "{2E6EC935-B49A-48BE-8D4D-246141232D87}"
EndProject
Project("{FAE04EC0-301F-11D3-BF4B-00C04F79EFBC}") = "Bank.CoreBanking.Presentation", "Modules\CoreBanking\Bank.CoreBanking.Presentation\Bank.CoreBanking.Presentation.csproj", "{2CD87E4E-C2F9-493B-8961-50D93621A819}"
EndProject
Project("{FAE04EC0-301F-11D3-BF4B-00C04F79EFBC}") = "Bank.CoreBanking.Tests", "Modules\CoreBanking\Bank.CoreBanking.Tests\Bank.CoreBanking.Tests.csproj", "{9844D51A-B310-455E-83F7-71D6B0E676A8}"
EndProject
Project("{2150E333-8FDC-42A3-9474-1A3956D46DE8}") = "Deposits", "Deposits", "{2F4E5D6A-7B9C-0D1E-2F3A-4B5C6D7E8F9A}"
EndProject
Project("{FAE04EC0-301F-11D3-BF4B-00C04F79EFBC}") = "Bank.Deposits.Domain", "Modules\Deposits\Bank.Deposits.Domain\Bank.Deposits.Domain.csproj", "{3G5F6E7A-8C0D-1E2F-3A4B-5C6D7E8F9A0B}"
EndProject
Project("{FAE04EC0-301F-11D3-BF4B-00C04F79EFBC}") = "Bank.Deposits.Application", "Modules\Deposits\Bank.Deposits.Application\Bank.Deposits.Application.csproj", "{4H6G7F8A-9D1E-2F3A-4B5C-6D7E8F9A0B1C}"
EndProject
Project("{FAE04EC0-301F-11D3-BF4B-00C04F79EFBC}") = "Bank.Deposits.Infrastructure", "Modules\Deposits\Bank.Deposits.Infrastructure\Bank.Deposits.Infrastructure.csproj", "{5I7H8G9A-0E2F-3A4B-5C6D-7E8F9A0B1C2D}"
EndProject
Project("{FAE04EC0-301F-11D3-BF4B-00C04F79EFBC}") = "Bank.Deposits.Presentation", "Modules\Deposits\Bank.Deposits.Presentation\Bank.Deposits.Presentation.csproj", "{6J8I9H0A-1F3A-4B5C-6D7E-8F9A0B1C2D3E}"
EndProject
Global
	GlobalSection(SolutionConfigurationPlatforms) = preSolution
		Debug|Any CPU = Debug|Any CPU
		Debug|x64 = Debug|x64
		Debug|x86 = Debug|x86
		Release|Any CPU = Release|Any CPU
		Release|x64 = Release|x64
		Release|x86 = Release|x86
	EndGlobalSection
	GlobalSection(ProjectConfigurationPlatforms) = postSolution
		{9E8DB925-1404-41DA-9B80-212DE3949970}.Debug|Any CPU.ActiveCfg = Debug|Any CPU
		{9E8DB925-1404-41DA-9B80-212DE3949970}.Debug|Any CPU.Build.0 = Debug|Any CPU
		{9E8DB925-1404-41DA-9B80-212DE3949970}.Debug|x64.ActiveCfg = Debug|Any CPU
		{9E8DB925-1404-41DA-9B80-212DE3949970}.Debug|x64.Build.0 = Debug|Any CPU
		{9E8DB925-1404-41DA-9B80-212DE3949970}.Debug|x86.ActiveCfg = Debug|Any CPU
		{9E8DB925-1404-41DA-9B80-212DE3949970}.Debug|x86.Build.0 = Debug|Any CPU
		{9E8DB925-1404-41DA-9B80-212DE3949970}.Release|Any CPU.ActiveCfg = Release|Any CPU
		{9E8DB925-1404-41DA-9B80-212DE3949970}.Release|Any CPU.Build.0 = Release|Any CPU
		{9E8DB925-1404-41DA-9B80-212DE3949970}.Release|x64.ActiveCfg = Release|Any CPU
		{9E8DB925-1404-41DA-9B80-212DE3949970}.Release|x64.Build.0 = Release|Any CPU
		{9E8DB925-1404-41DA-9B80-212DE3949970}.Release|x86.ActiveCfg = Release|Any CPU
		{9E8DB925-1404-41DA-9B80-212DE3949970}.Release|x86.Build.0 = Release|Any CPU
		{CFFD147A-C7B8-4B48-86F5-6A37D6C9D57B}.Debug|Any CPU.ActiveCfg = Debug|Any CPU
		{CFFD147A-C7B8-4B48-86F5-6A37D6C9D57B}.Debug|Any CPU.Build.0 = Debug|Any CPU
		{CFFD147A-C7B8-4B48-86F5-6A37D6C9D57B}.Debug|x64.ActiveCfg = Debug|Any CPU
		{CFFD147A-C7B8-4B48-86F5-6A37D6C9D57B}.Debug|x64.Build.0 = Debug|Any CPU
		{CFFD147A-C7B8-4B48-86F5-6A37D6C9D57B}.Debug|x86.ActiveCfg = Debug|Any CPU
		{CFFD147A-C7B8-4B48-86F5-6A37D6C9D57B}.Debug|x86.Build.0 = Debug|Any CPU
		{CFFD147A-C7B8-4B48-86F5-6A37D6C9D57B}.Release|Any CPU.ActiveCfg = Release|Any CPU
		{CFFD147A-C7B8-4B48-86F5-6A37D6C9D57B}.Release|Any CPU.Build.0 = Release|Any CPU
		{CFFD147A-C7B8-4B48-86F5-6A37D6C9D57B}.Release|x64.ActiveCfg = Release|Any CPU
		{CFFD147A-C7B8-4B48-86F5-6A37D6C9D57B}.Release|x64.Build.0 = Release|Any CPU
		{CFFD147A-C7B8-4B48-86F5-6A37D6C9D57B}.Release|x86.ActiveCfg = Release|Any CPU
		{CFFD147A-C7B8-4B48-86F5-6A37D6C9D57B}.Release|x86.Build.0 = Release|Any CPU
		{0A44356E-B65E-4B47-B43D-DE8209EEEC8D}.Debug|Any CPU.ActiveCfg = Debug|Any CPU
		{0A44356E-B65E-4B47-B43D-DE8209EEEC8D}.Debug|Any CPU.Build.0 = Debug|Any CPU
		{0A44356E-B65E-4B47-B43D-DE8209EEEC8D}.Debug|x64.ActiveCfg = Debug|Any CPU
		{0A44356E-B65E-4B47-B43D-DE8209EEEC8D}.Debug|x64.Build.0 = Debug|Any CPU
		{0A44356E-B65E-4B47-B43D-DE8209EEEC8D}.Debug|x86.ActiveCfg = Debug|Any CPU
		{0A44356E-B65E-4B47-B43D-DE8209EEEC8D}.Debug|x86.Build.0 = Debug|Any CPU
		{0A44356E-B65E-4B47-B43D-DE8209EEEC8D}.Release|Any CPU.ActiveCfg = Release|Any CPU
		{0A44356E-B65E-4B47-B43D-DE8209EEEC8D}.Release|Any CPU.Build.0 = Release|Any CPU
		{0A44356E-B65E-4B47-B43D-DE8209EEEC8D}.Release|x64.ActiveCfg = Release|Any CPU
		{0A44356E-B65E-4B47-B43D-DE8209EEEC8D}.Release|x64.Build.0 = Release|Any CPU
		{0A44356E-B65E-4B47-B43D-DE8209EEEC8D}.Release|x86.ActiveCfg = Release|Any CPU
		{0A44356E-B65E-4B47-B43D-DE8209EEEC8D}.Release|x86.Build.0 = Release|Any CPU
		{15338453-F090-417B-A48D-830010335D9A}.Debug|Any CPU.ActiveCfg = Debug|Any CPU
		{15338453-F090-417B-A48D-830010335D9A}.Debug|Any CPU.Build.0 = Debug|Any CPU
		{15338453-F090-417B-A48D-830010335D9A}.Debug|x64.ActiveCfg = Debug|Any CPU
		{15338453-F090-417B-A48D-830010335D9A}.Debug|x64.Build.0 = Debug|Any CPU
		{15338453-F090-417B-A48D-830010335D9A}.Debug|x86.ActiveCfg = Debug|Any CPU
		{15338453-F090-417B-A48D-830010335D9A}.Debug|x86.Build.0 = Debug|Any CPU
		{15338453-F090-417B-A48D-830010335D9A}.Release|Any CPU.ActiveCfg = Release|Any CPU
		{15338453-F090-417B-A48D-830010335D9A}.Release|Any CPU.Build.0 = Release|Any CPU
		{15338453-F090-417B-A48D-830010335D9A}.Release|x64.ActiveCfg = Release|Any CPU
		{15338453-F090-417B-A48D-830010335D9A}.Release|x64.Build.0 = Release|Any CPU
		{15338453-F090-417B-A48D-830010335D9A}.Release|x86.ActiveCfg = Release|Any CPU
		{15338453-F090-417B-A48D-830010335D9A}.Release|x86.Build.0 = Release|Any CPU
		{E9C074C1-004B-4F69-BF02-EB86A3AA37B3}.Debug|Any CPU.ActiveCfg = Debug|Any CPU
		{E9C074C1-004B-4F69-BF02-EB86A3AA37B3}.Debug|Any CPU.Build.0 = Debug|Any CPU
		{E9C074C1-004B-4F69-BF02-EB86A3AA37B3}.Debug|x64.ActiveCfg = Debug|Any CPU
		{E9C074C1-004B-4F69-BF02-EB86A3AA37B3}.Debug|x64.Build.0 = Debug|Any CPU
		{E9C074C1-004B-4F69-BF02-EB86A3AA37B3}.Debug|x86.ActiveCfg = Debug|Any CPU
		{E9C074C1-004B-4F69-BF02-EB86A3AA37B3}.Debug|x86.Build.0 = Debug|Any CPU
		{E9C074C1-004B-4F69-BF02-EB86A3AA37B3}.Release|Any CPU.ActiveCfg = Release|Any CPU
		{E9C074C1-004B-4F69-BF02-EB86A3AA37B3}.Release|Any CPU.Build.0 = Release|Any CPU
		{E9C074C1-004B-4F69-BF02-EB86A3AA37B3}.Release|x64.ActiveCfg = Release|Any CPU
		{E9C074C1-004B-4F69-BF02-EB86A3AA37B3}.Release|x64.Build.0 = Release|Any CPU
		{E9C074C1-004B-4F69-BF02-EB86A3AA37B3}.Release|x86.ActiveCfg = Release|Any CPU
		{E9C074C1-004B-4F69-BF02-EB86A3AA37B3}.Release|x86.Build.0 = Release|Any CPU
		{50567A8D-BE84-4BED-8268-AD1F5262574C}.Debug|Any CPU.ActiveCfg = Debug|Any CPU
		{50567A8D-BE84-4BED-8268-AD1F5262574C}.Debug|Any CPU.Build.0 = Debug|Any CPU
		{50567A8D-BE84-4BED-8268-AD1F5262574C}.Debug|x64.ActiveCfg = Debug|Any CPU
		{50567A8D-BE84-4BED-8268-AD1F5262574C}.Debug|x64.Build.0 = Debug|Any CPU
		{50567A8D-BE84-4BED-8268-AD1F5262574C}.Debug|x86.ActiveCfg = Debug|Any CPU
		{50567A8D-BE84-4BED-8268-AD1F5262574C}.Debug|x86.Build.0 = Debug|Any CPU
		{50567A8D-BE84-4BED-8268-AD1F5262574C}.Release|Any CPU.ActiveCfg = Release|Any CPU
		{50567A8D-BE84-4BED-8268-AD1F5262574C}.Release|Any CPU.Build.0 = Release|Any CPU
		{50567A8D-BE84-4BED-8268-AD1F5262574C}.Release|x64.ActiveCfg = Release|Any CPU
		{50567A8D-BE84-4BED-8268-AD1F5262574C}.Release|x64.Build.0 = Release|Any CPU
		{50567A8D-BE84-4BED-8268-AD1F5262574C}.Release|x86.ActiveCfg = Release|Any CPU
		{50567A8D-BE84-4BED-8268-AD1F5262574C}.Release|x86.Build.0 = Release|Any CPU
		{048A4668-22DB-4938-A1EC-52E55CC5529B}.Debug|Any CPU.ActiveCfg = Debug|Any CPU
		{048A4668-22DB-4938-A1EC-52E55CC5529B}.Debug|Any CPU.Build.0 = Debug|Any CPU
		{048A4668-22DB-4938-A1EC-52E55CC5529B}.Debug|x64.ActiveCfg = Debug|Any CPU
		{048A4668-22DB-4938-A1EC-52E55CC5529B}.Debug|x64.Build.0 = Debug|Any CPU
		{048A4668-22DB-4938-A1EC-52E55CC5529B}.Debug|x86.ActiveCfg = Debug|Any CPU
		{048A4668-22DB-4938-A1EC-52E55CC5529B}.Debug|x86.Build.0 = Debug|Any CPU
		{048A4668-22DB-4938-A1EC-52E55CC5529B}.Release|Any CPU.ActiveCfg = Release|Any CPU
		{048A4668-22DB-4938-A1EC-52E55CC5529B}.Release|Any CPU.Build.0 = Release|Any CPU
		{048A4668-22DB-4938-A1EC-52E55CC5529B}.Release|x64.ActiveCfg = Release|Any CPU
		{048A4668-22DB-4938-A1EC-52E55CC5529B}.Release|x64.Build.0 = Release|Any CPU
		{048A4668-22DB-4938-A1EC-52E55CC5529B}.Release|x86.ActiveCfg = Release|Any CPU
		{048A4668-22DB-4938-A1EC-52E55CC5529B}.Release|x86.Build.0 = Release|Any CPU
		{B99B9DAD-4F08-4973-993E-6F4CAF6F0D7B}.Debug|Any CPU.ActiveCfg = Debug|Any CPU
		{B99B9DAD-4F08-4973-993E-6F4CAF6F0D7B}.Debug|Any CPU.Build.0 = Debug|Any CPU
		{B99B9DAD-4F08-4973-993E-6F4CAF6F0D7B}.Debug|x64.ActiveCfg = Debug|Any CPU
		{B99B9DAD-4F08-4973-993E-6F4CAF6F0D7B}.Debug|x64.Build.0 = Debug|Any CPU
		{B99B9DAD-4F08-4973-993E-6F4CAF6F0D7B}.Debug|x86.ActiveCfg = Debug|Any CPU
		{B99B9DAD-4F08-4973-993E-6F4CAF6F0D7B}.Debug|x86.Build.0 = Debug|Any CPU
		{B99B9DAD-4F08-4973-993E-6F4CAF6F0D7B}.Release|Any CPU.ActiveCfg = Release|Any CPU
		{B99B9DAD-4F08-4973-993E-6F4CAF6F0D7B}.Release|Any CPU.Build.0 = Release|Any CPU
		{B99B9DAD-4F08-4973-993E-6F4CAF6F0D7B}.Release|x64.ActiveCfg = Release|Any CPU
		{B99B9DAD-4F08-4973-993E-6F4CAF6F0D7B}.Release|x64.Build.0 = Release|Any CPU
		{B99B9DAD-4F08-4973-993E-6F4CAF6F0D7B}.Release|x86.ActiveCfg = Release|Any CPU
		{B99B9DAD-4F08-4973-993E-6F4CAF6F0D7B}.Release|x86.Build.0 = Release|Any CPU
		{2422E798-BAA8-457C-8823-508449646F78}.Debug|Any CPU.ActiveCfg = Debug|Any CPU
		{2422E798-BAA8-457C-8823-508449646F78}.Debug|Any CPU.Build.0 = Debug|Any CPU
		{2422E798-BAA8-457C-8823-508449646F78}.Debug|x64.ActiveCfg = Debug|Any CPU
		{2422E798-BAA8-457C-8823-508449646F78}.Debug|x64.Build.0 = Debug|Any CPU
		{2422E798-BAA8-457C-8823-508449646F78}.Debug|x86.ActiveCfg = Debug|Any CPU
		{2422E798-BAA8-457C-8823-508449646F78}.Debug|x86.Build.0 = Debug|Any CPU
		{2422E798-BAA8-457C-8823-508449646F78}.Release|Any CPU.ActiveCfg = Release|Any CPU
		{2422E798-BAA8-457C-8823-508449646F78}.Release|Any CPU.Build.0 = Release|Any CPU
		{2422E798-BAA8-457C-8823-508449646F78}.Release|x64.ActiveCfg = Release|Any CPU
		{2422E798-BAA8-457C-8823-508449646F78}.Release|x64.Build.0 = Release|Any CPU
		{2422E798-BAA8-457C-8823-508449646F78}.Release|x86.ActiveCfg = Release|Any CPU
		{2422E798-BAA8-457C-8823-508449646F78}.Release|x86.Build.0 = Release|Any CPU
		{5A1B2C3D-4E5F-6A7B-8C9D-0E1F2A3B4C5D}.Debug|Any CPU.ActiveCfg = Debug|Any CPU
		{5A1B2C3D-4E5F-6A7B-8C9D-0E1F2A3B4C5D}.Debug|Any CPU.Build.0 = Debug|Any CPU
		{5A1B2C3D-4E5F-6A7B-8C9D-0E1F2A3B4C5D}.Debug|x64.ActiveCfg = Debug|Any CPU
		{5A1B2C3D-4E5F-6A7B-8C9D-0E1F2A3B4C5D}.Debug|x64.Build.0 = Debug|Any CPU
		{5A1B2C3D-4E5F-6A7B-8C9D-0E1F2A3B4C5D}.Debug|x86.ActiveCfg = Debug|Any CPU
		{5A1B2C3D-4E5F-6A7B-8C9D-0E1F2A3B4C5D}.Debug|x86.Build.0 = Debug|Any CPU
		{5A1B2C3D-4E5F-6A7B-8C9D-0E1F2A3B4C5D}.Release|Any CPU.ActiveCfg = Release|Any CPU
		{5A1B2C3D-4E5F-6A7B-8C9D-0E1F2A3B4C5D}.Release|Any CPU.Build.0 = Release|Any CPU
		{5A1B2C3D-4E5F-6A7B-8C9D-0E1F2A3B4C5D}.Release|x64.ActiveCfg = Release|Any CPU
		{5A1B2C3D-4E5F-6A7B-8C9D-0E1F2A3B4C5D}.Release|x64.Build.0 = Release|Any CPU
		{5A1B2C3D-4E5F-6A7B-8C9D-0E1F2A3B4C5D}.Release|x86.ActiveCfg = Release|Any CPU
		{5A1B2C3D-4E5F-6A7B-8C9D-0E1F2A3B4C5D}.Release|x86.Build.0 = Release|Any CPU
		{6B2C3D4E-5F6A-7B8C-9D0E-1F2A3B4C5D6E}.Debug|Any CPU.ActiveCfg = Debug|Any CPU
		{6B2C3D4E-5F6A-7B8C-9D0E-1F2A3B4C5D6E}.Debug|Any CPU.Build.0 = Debug|Any CPU
		{6B2C3D4E-5F6A-7B8C-9D0E-1F2A3B4C5D6E}.Debug|x64.ActiveCfg = Debug|Any CPU
		{6B2C3D4E-5F6A-7B8C-9D0E-1F2A3B4C5D6E}.Debug|x64.Build.0 = Debug|Any CPU
		{6B2C3D4E-5F6A-7B8C-9D0E-1F2A3B4C5D6E}.Debug|x86.ActiveCfg = Debug|Any CPU
		{6B2C3D4E-5F6A-7B8C-9D0E-1F2A3B4C5D6E}.Debug|x86.Build.0 = Debug|Any CPU
		{6B2C3D4E-5F6A-7B8C-9D0E-1F2A3B4C5D6E}.Release|Any CPU.ActiveCfg = Release|Any CPU
		{6B2C3D4E-5F6A-7B8C-9D0E-1F2A3B4C5D6E}.Release|Any CPU.Build.0 = Release|Any CPU
		{6B2C3D4E-5F6A-7B8C-9D0E-1F2A3B4C5D6E}.Release|x64.ActiveCfg = Release|Any CPU
		{6B2C3D4E-5F6A-7B8C-9D0E-1F2A3B4C5D6E}.Release|x64.Build.0 = Release|Any CPU
		{6B2C3D4E-5F6A-7B8C-9D0E-1F2A3B4C5D6E}.Release|x86.ActiveCfg = Release|Any CPU
		{6B2C3D4E-5F6A-7B8C-9D0E-1F2A3B4C5D6E}.Release|x86.Build.0 = Release|Any CPU
		{7C3D4E5F-6A7B-8C9D-0E1F-2A3B4C5D6E7F}.Debug|Any CPU.ActiveCfg = Debug|Any CPU
		{7C3D4E5F-6A7B-8C9D-0E1F-2A3B4C5D6E7F}.Debug|Any CPU.Build.0 = Debug|Any CPU
		{7C3D4E5F-6A7B-8C9D-0E1F-2A3B4C5D6E7F}.Debug|x64.ActiveCfg = Debug|Any CPU
		{7C3D4E5F-6A7B-8C9D-0E1F-2A3B4C5D6E7F}.Debug|x64.Build.0 = Debug|Any CPU
		{7C3D4E5F-6A7B-8C9D-0E1F-2A3B4C5D6E7F}.Debug|x86.ActiveCfg = Debug|Any CPU
		{7C3D4E5F-6A7B-8C9D-0E1F-2A3B4C5D6E7F}.Debug|x86.Build.0 = Debug|Any CPU
		{7C3D4E5F-6A7B-8C9D-0E1F-2A3B4C5D6E7F}.Release|Any CPU.ActiveCfg = Release|Any CPU
		{7C3D4E5F-6A7B-8C9D-0E1F-2A3B4C5D6E7F}.Release|Any CPU.Build.0 = Release|Any CPU
		{7C3D4E5F-6A7B-8C9D-0E1F-2A3B4C5D6E7F}.Release|x64.ActiveCfg = Release|Any CPU
		{7C3D4E5F-6A7B-8C9D-0E1F-2A3B4C5D6E7F}.Release|x64.Build.0 = Release|Any CPU
		{7C3D4E5F-6A7B-8C9D-0E1F-2A3B4C5D6E7F}.Release|x86.ActiveCfg = Release|Any CPU
		{7C3D4E5F-6A7B-8C9D-0E1F-2A3B4C5D6E7F}.Release|x86.Build.0 = Release|Any CPU
		{8D4E5F6A-7B8C-9D0E-1F2A-3B4C5D6E7F8A}.Debug|Any CPU.ActiveCfg = Debug|Any CPU
		{8D4E5F6A-7B8C-9D0E-1F2A-3B4C5D6E7F8A}.Debug|Any CPU.Build.0 = Debug|Any CPU
		{8D4E5F6A-7B8C-9D0E-1F2A-3B4C5D6E7F8A}.Debug|x64.ActiveCfg = Debug|Any CPU
		{8D4E5F6A-7B8C-9D0E-1F2A-3B4C5D6E7F8A}.Debug|x64.Build.0 = Debug|Any CPU
		{8D4E5F6A-7B8C-9D0E-1F2A-3B4C5D6E7F8A}.Debug|x86.ActiveCfg = Debug|Any CPU
		{8D4E5F6A-7B8C-9D0E-1F2A-3B4C5D6E7F8A}.Debug|x86.Build.0 = Debug|Any CPU
		{8D4E5F6A-7B8C-9D0E-1F2A-3B4C5D6E7F8A}.Release|Any CPU.ActiveCfg = Release|Any CPU
		{8D4E5F6A-7B8C-9D0E-1F2A-3B4C5D6E7F8A}.Release|Any CPU.Build.0 = Release|Any CPU
		{8D4E5F6A-7B8C-9D0E-1F2A-3B4C5D6E7F8A}.Release|x64.ActiveCfg = Release|Any CPU
		{8D4E5F6A-7B8C-9D0E-1F2A-3B4C5D6E7F8A}.Release|x64.Build.0 = Release|Any CPU
		{8D4E5F6A-7B8C-9D0E-1F2A-3B4C5D6E7F8A}.Release|x86.ActiveCfg = Release|Any CPU
		{8D4E5F6A-7B8C-9D0E-1F2A-3B4C5D6E7F8A}.Release|x86.Build.0 = Release|Any CPU
		{9E5F6A7B-8C9D-0E1F-2A3B-4C5D6E7F8A9B}.Debug|Any CPU.ActiveCfg = Debug|Any CPU
		{9E5F6A7B-8C9D-0E1F-2A3B-4C5D6E7F8A9B}.Debug|Any CPU.Build.0 = Debug|Any CPU
		{9E5F6A7B-8C9D-0E1F-2A3B-4C5D6E7F8A9B}.Debug|x64.ActiveCfg = Debug|Any CPU
		{9E5F6A7B-8C9D-0E1F-2A3B-4C5D6E7F8A9B}.Debug|x64.Build.0 = Debug|Any CPU
		{9E5F6A7B-8C9D-0E1F-2A3B-4C5D6E7F8A9B}.Debug|x86.ActiveCfg = Debug|Any CPU
		{9E5F6A7B-8C9D-0E1F-2A3B-4C5D6E7F8A9B}.Debug|x86.Build.0 = Debug|Any CPU
		{9E5F6A7B-8C9D-0E1F-2A3B-4C5D6E7F8A9B}.Release|Any CPU.ActiveCfg = Release|Any CPU
		{9E5F6A7B-8C9D-0E1F-2A3B-4C5D6E7F8A9B}.Release|Any CPU.Build.0 = Release|Any CPU
		{9E5F6A7B-8C9D-0E1F-2A3B-4C5D6E7F8A9B}.Release|x64.ActiveCfg = Release|Any CPU
		{9E5F6A7B-8C9D-0E1F-2A3B-4C5D6E7F8A9B}.Release|x64.Build.0 = Release|Any CPU
		{9E5F6A7B-8C9D-0E1F-2A3B-4C5D6E7F8A9B}.Release|x86.ActiveCfg = Release|Any CPU
		{9E5F6A7B-8C9D-0E1F-2A3B-4C5D6E7F8A9B}.Release|x86.Build.0 = Release|Any CPU
		{29DEE85F-90E2-499D-BD55-AEC0CE310B24}.Debug|Any CPU.ActiveCfg = Debug|Any CPU
		{29DEE85F-90E2-499D-BD55-AEC0CE310B24}.Debug|Any CPU.Build.0 = Debug|Any CPU
		{29DEE85F-90E2-499D-BD55-AEC0CE310B24}.Debug|x64.ActiveCfg = Debug|Any CPU
		{29DEE85F-90E2-499D-BD55-AEC0CE310B24}.Debug|x64.Build.0 = Debug|Any CPU
		{29DEE85F-90E2-499D-BD55-AEC0CE310B24}.Debug|x86.ActiveCfg = Debug|Any CPU
		{29DEE85F-90E2-499D-BD55-AEC0CE310B24}.Debug|x86.Build.0 = Debug|Any CPU
		{29DEE85F-90E2-499D-BD55-AEC0CE310B24}.Release|Any CPU.ActiveCfg = Release|Any CPU
		{29DEE85F-90E2-499D-BD55-AEC0CE310B24}.Release|Any CPU.Build.0 = Release|Any CPU
		{29DEE85F-90E2-499D-BD55-AEC0CE310B24}.Release|x64.ActiveCfg = Release|Any CPU
		{29DEE85F-90E2-499D-BD55-AEC0CE310B24}.Release|x64.Build.0 = Release|Any CPU
		{29DEE85F-90E2-499D-BD55-AEC0CE310B24}.Release|x86.ActiveCfg = Release|Any CPU
		{29DEE85F-90E2-499D-BD55-AEC0CE310B24}.Release|x86.Build.0 = Release|Any CPU
		{6F44F2DD-B6AB-43C7-89AB-75EDCE7BAE18}.Debug|Any CPU.ActiveCfg = Debug|Any CPU
		{6F44F2DD-B6AB-43C7-89AB-75EDCE7BAE18}.Debug|Any CPU.Build.0 = Debug|Any CPU
		{6F44F2DD-B6AB-43C7-89AB-75EDCE7BAE18}.Debug|x64.ActiveCfg = Debug|Any CPU
		{6F44F2DD-B6AB-43C7-89AB-75EDCE7BAE18}.Debug|x64.Build.0 = Debug|Any CPU
		{6F44F2DD-B6AB-43C7-89AB-75EDCE7BAE18}.Debug|x86.ActiveCfg = Debug|Any CPU
		{6F44F2DD-B6AB-43C7-89AB-75EDCE7BAE18}.Debug|x86.Build.0 = Debug|Any CPU
		{6F44F2DD-B6AB-43C7-89AB-75EDCE7BAE18}.Release|Any CPU.ActiveCfg = Release|Any CPU
		{6F44F2DD-B6AB-43C7-89AB-75EDCE7BAE18}.Release|Any CPU.Build.0 = Release|Any CPU
		{6F44F2DD-B6AB-43C7-89AB-75EDCE7BAE18}.Release|x64.ActiveCfg = Release|Any CPU
		{6F44F2DD-B6AB-43C7-89AB-75EDCE7BAE18}.Release|x64.Build.0 = Release|Any CPU
		{6F44F2DD-B6AB-43C7-89AB-75EDCE7BAE18}.Release|x86.ActiveCfg = Release|Any CPU
		{6F44F2DD-B6AB-43C7-89AB-75EDCE7BAE18}.Release|x86.Build.0 = Release|Any CPU
		{2E6EC935-B49A-48BE-8D4D-246141232D87}.Debug|Any CPU.ActiveCfg = Debug|Any CPU
		{2E6EC935-B49A-48BE-8D4D-246141232D87}.Debug|Any CPU.Build.0 = Debug|Any CPU
		{2E6EC935-B49A-48BE-8D4D-246141232D87}.Debug|x64.ActiveCfg = Debug|Any CPU
		{2E6EC935-B49A-48BE-8D4D-246141232D87}.Debug|x64.Build.0 = Debug|Any CPU
		{2E6EC935-B49A-48BE-8D4D-246141232D87}.Debug|x86.ActiveCfg = Debug|Any CPU
		{2E6EC935-B49A-48BE-8D4D-246141232D87}.Debug|x86.Build.0 = Debug|Any CPU
		{2E6EC935-B49A-48BE-8D4D-246141232D87}.Release|Any CPU.ActiveCfg = Release|Any CPU
		{2E6EC935-B49A-48BE-8D4D-246141232D87}.Release|Any CPU.Build.0 = Release|Any CPU
		{2E6EC935-B49A-48BE-8D4D-246141232D87}.Release|x64.ActiveCfg = Release|Any CPU
		{2E6EC935-B49A-48BE-8D4D-246141232D87}.Release|x64.Build.0 = Release|Any CPU
		{2E6EC935-B49A-48BE-8D4D-246141232D87}.Release|x86.ActiveCfg = Release|Any CPU
		{2E6EC935-B49A-48BE-8D4D-246141232D87}.Release|x86.Build.0 = Release|Any CPU
		{2CD87E4E-C2F9-493B-8961-50D93621A819}.Debug|Any CPU.ActiveCfg = Debug|Any CPU
		{2CD87E4E-C2F9-493B-8961-50D93621A819}.Debug|Any CPU.Build.0 = Debug|Any CPU
		{2CD87E4E-C2F9-493B-8961-50D93621A819}.Debug|x64.ActiveCfg = Debug|Any CPU
		{2CD87E4E-C2F9-493B-8961-50D93621A819}.Debug|x64.Build.0 = Debug|Any CPU
		{2CD87E4E-C2F9-493B-8961-50D93621A819}.Debug|x86.ActiveCfg = Debug|Any CPU
		{2CD87E4E-C2F9-493B-8961-50D93621A819}.Debug|x86.Build.0 = Debug|Any CPU
		{2CD87E4E-C2F9-493B-8961-50D93621A819}.Release|Any CPU.ActiveCfg = Release|Any CPU
		{2CD87E4E-C2F9-493B-8961-50D93621A819}.Release|Any CPU.Build.0 = Release|Any CPU
		{2CD87E4E-C2F9-493B-8961-50D93621A819}.Release|x64.ActiveCfg = Release|Any CPU
		{2CD87E4E-C2F9-493B-8961-50D93621A819}.Release|x64.Build.0 = Release|Any CPU
		{2CD87E4E-C2F9-493B-8961-50D93621A819}.Release|x86.ActiveCfg = Release|Any CPU
		{2CD87E4E-C2F9-493B-8961-50D93621A819}.Release|x86.Build.0 = Release|Any CPU
		{9844D51A-B310-455E-83F7-71D6B0E676A8}.Debug|Any CPU.ActiveCfg = Debug|Any CPU
		{9844D51A-B310-455E-83F7-71D6B0E676A8}.Debug|Any CPU.Build.0 = Debug|Any CPU
		{9844D51A-B310-455E-83F7-71D6B0E676A8}.Debug|x64.ActiveCfg = Debug|Any CPU
		{9844D51A-B310-455E-83F7-71D6B0E676A8}.Debug|x64.Build.0 = Debug|Any CPU
		{9844D51A-B310-455E-83F7-71D6B0E676A8}.Debug|x86.ActiveCfg = Debug|Any CPU
		{9844D51A-B310-455E-83F7-71D6B0E676A8}.Debug|x86.Build.0 = Debug|Any CPU
		{9844D51A-B310-455E-83F7-71D6B0E676A8}.Release|Any CPU.ActiveCfg = Release|Any CPU
		{9844D51A-B310-455E-83F7-71D6B0E676A8}.Release|Any CPU.Build.0 = Release|Any CPU
		{9844D51A-B310-455E-83F7-71D6B0E676A8}.Release|x64.ActiveCfg = Release|Any CPU
		{9844D51A-B310-455E-83F7-71D6B0E676A8}.Release|x64.Build.0 = Release|Any CPU
		{9844D51A-B310-455E-83F7-71D6B0E676A8}.Release|x86.ActiveCfg = Release|Any CPU
		{9844D51A-B310-455E-83F7-71D6B0E676A8}.Release|x86.Build.0 = Release|Any CPU
	EndGlobalSection
	GlobalSection(SolutionProperties) = preSolution
		HideSolutionNode = FALSE
	EndGlobalSection
	GlobalSection(NestedProjects) = preSolution
		{1B4E5C2D-8F9A-4E2B-9C1D-5E7F6A2B3C4D} = {CA253913-39DE-BFD0-C9A3-4B7EC6FBDF17}
		{5A1B2C3D-4E5F-6A7B-8C9D-0E1F2A3B4C5D} = {1B4E5C2D-8F9A-4E2B-9C1D-5E7F6A2B3C4D}
		{6B2C3D4E-5F6A-7B8C-9D0E-1F2A3B4C5D6E} = {1B4E5C2D-8F9A-4E2B-9C1D-5E7F6A2B3C4D}
		{7C3D4E5F-6A7B-8C9D-0E1F-2A3B4C5D6E7F} = {1B4E5C2D-8F9A-4E2B-9C1D-5E7F6A2B3C4D}
		{8D4E5F6A-7B8C-9D0E-1F2A-3B4C5D6E7F8A} = {1B4E5C2D-8F9A-4E2B-9C1D-5E7F6A2B3C4D}
		{9E5F6A7B-8C9D-0E1F-2A3B-4C5D6E7F8A9B} = {1B4E5C2D-8F9A-4E2B-9C1D-5E7F6A2B3C4D}
		{0A3516B1-79E3-F1B7-E1A5-489ABD645249} = {CA253913-39DE-BFD0-C9A3-4B7EC6FBDF17}
		{29DEE85F-90E2-499D-BD55-AEC0CE310B24} = {0A3516B1-79E3-F1B7-E1A5-489ABD645249}
		{6F44F2DD-B6AB-43C7-89AB-75EDCE7BAE18} = {0A3516B1-79E3-F1B7-E1A5-489ABD645249}
		{2E6EC935-B49A-48BE-8D4D-246141232D87} = {0A3516B1-79E3-F1B7-E1A5-489ABD645249}
		{2CD87E4E-C2F9-493B-8961-50D93621A819} = {0A3516B1-79E3-F1B7-E1A5-489ABD645249}
		{9844D51A-B310-455E-83F7-71D6B0E676A8} = {0A3516B1-79E3-F1B7-E1A5-489ABD645249}
		{2F4E5D6A-7B9C-0D1E-2F3A-4B5C6D7E8F9A} = {CA253913-39DE-BFD0-C9A3-4B7EC6FBDF17}
		{3G5F6E7A-8C0D-1E2F-3A4B-5C6D7E8F9A0B} = {2F4E5D6A-7B9C-0D1E-2F3A-4B5C6D7E8F9A}
		{4H6G7F8A-9D1E-2F3A-4B5C-6D7E8F9A0B1C} = {2F4E5D6A-7B9C-0D1E-2F3A-4B5C6D7E8F9A}
		{5I7H8G9A-0E2F-3A4B-5C6D-7E8F9A0B1C2D} = {2F4E5D6A-7B9C-0D1E-2F3A-4B5C6D7E8F9A}
		{6J8I9H0A-1F3A-4B5C-6D7E-8F9A0B1C2D3E} = {2F4E5D6A-7B9C-0D1E-2F3A-4B5C6D7E8F9A}
	EndGlobalSection
EndGlobal
		{3G5F6E7A-8C0D-1E2F-3A4B-5C6D7E8F9A0B}.Debug|Any CPU.ActiveCfg = Debug|Any CPU
		{3G5F6E7A-8C0D-1E2F-3A4B-5C6D7E8F9A0B}.Debug|Any CPU.Build.0 = Debug|Any CPU
		{3G5F6E7A-8C0D-1E2F-3A4B-5C6D7E8F9A0B}.Debug|x64.ActiveCfg = Debug|Any CPU
		{3G5F6E7A-8C0D-1E2F-3A4B-5C6D7E8F9A0B}.Debug|x64.Build.0 = Debug|Any CPU
		{3G5F6E7A-8C0D-1E2F-3A4B-5C6D7E8F9A0B}.Debug|x86.ActiveCfg = Debug|Any CPU
		{3G5F6E7A-8C0D-1E2F-3A4B-5C6D7E8F9A0B}.Debug|x86.Build.0 = Debug|Any CPU
		{3G5F6E7A-8C0D-1E2F-3A4B-5C6D7E8F9A0B}.Release|Any CPU.ActiveCfg = Release|Any CPU
		{3G5F6E7A-8C0D-1E2F-3A4B-5C6D7E8F9A0B}.Release|Any CPU.Build.0 = Release|Any CPU
		{3G5F6E7A-8C0D-1E2F-3A4B-5C6D7E8F9A0B}.Release|x64.ActiveCfg = Release|Any CPU
		{3G5F6E7A-8C0D-1E2F-3A4B-5C6D7E8F9A0B}.Release|x64.Build.0 = Release|Any CPU
		{3G5F6E7A-8C0D-1E2F-3A4B-5C6D7E8F9A0B}.Release|x86.ActiveCfg = Release|Any CPU
		{3G5F6E7A-8C0D-1E2F-3A4B-5C6D7E8F9A0B}.Release|x86.Build.0 = Release|Any CPU
		{4H6G7F8A-9D1E-2F3A-4B5C-6D7E8F9A0B1C}.Debug|Any CPU.ActiveCfg = Debug|Any CPU
		{4H6G7F8A-9D1E-2F3A-4B5C-6D7E8F9A0B1C}.Debug|Any CPU.Build.0 = Debug|Any CPU
		{4H6G7F8A-9D1E-2F3A-4B5C-6D7E8F9A0B1C}.Debug|x64.ActiveCfg = Debug|Any CPU
		{4H6G7F8A-9D1E-2F3A-4B5C-6D7E8F9A0B1C}.Debug|x64.Build.0 = Debug|Any CPU
		{4H6G7F8A-9D1E-2F3A-4B5C-6D7E8F9A0B1C}.Debug|x86.ActiveCfg = Debug|Any CPU
		{4H6G7F8A-9D1E-2F3A-4B5C-6D7E8F9A0B1C}.Debug|x86.Build.0 = Debug|Any CPU
		{4H6G7F8A-9D1E-2F3A-4B5C-6D7E8F9A0B1C}.Release|Any CPU.ActiveCfg = Release|Any CPU
		{4H6G7F8A-9D1E-2F3A-4B5C-6D7E8F9A0B1C}.Release|Any CPU.Build.0 = Release|Any CPU
		{4H6G7F8A-9D1E-2F3A-4B5C-6D7E8F9A0B1C}.Release|x64.ActiveCfg = Release|Any CPU
		{4H6G7F8A-9D1E-2F3A-4B5C-6D7E8F9A0B1C}.Release|x64.Build.0 = Release|Any CPU
		{4H6G7F8A-9D1E-2F3A-4B5C-6D7E8F9A0B1C}.Release|x86.ActiveCfg = Release|Any CPU
		{4H6G7F8A-9D1E-2F3A-4B5C-6D7E8F9A0B1C}.Release|x86.Build.0 = Release|Any CPU
		{5I7H8G9A-0E2F-3A4B-5C6D-7E8F9A0B1C2D}.Debug|Any CPU.ActiveCfg = Debug|Any CPU
		{5I7H8G9A-0E2F-3A4B-5C6D-7E8F9A0B1C2D}.Debug|Any CPU.Build.0 = Debug|Any CPU
		{5I7H8G9A-0E2F-3A4B-5C6D-7E8F9A0B1C2D}.Debug|x64.ActiveCfg = Debug|Any CPU
		{5I7H8G9A-0E2F-3A4B-5C6D-7E8F9A0B1C2D}.Debug|x64.Build.0 = Debug|Any CPU
		{5I7H8G9A-0E2F-3A4B-5C6D-7E8F9A0B1C2D}.Debug|x86.ActiveCfg = Debug|Any CPU
		{5I7H8G9A-0E2F-3A4B-5C6D-7E8F9A0B1C2D}.Debug|x86.Build.0 = Debug|Any CPU
		{5I7H8G9A-0E2F-3A4B-5C6D-7E8F9A0B1C2D}.Release|Any CPU.ActiveCfg = Release|Any CPU
		{5I7H8G9A-0E2F-3A4B-5C6D-7E8F9A0B1C2D}.Release|Any CPU.Build.0 = Release|Any CPU
		{5I7H8G9A-0E2F-3A4B-5C6D-7E8F9A0B1C2D}.Release|x64.ActiveCfg = Release|Any CPU
		{5I7H8G9A-0E2F-3A4B-5C6D-7E8F9A0B1C2D}.Release|x64.Build.0 = Release|Any CPU
		{5I7H8G9A-0E2F-3A4B-5C6D-7E8F9A0B1C2D}.Release|x86.ActiveCfg = Release|Any CPU
		{5I7H8G9A-0E2F-3A4B-5C6D-7E8F9A0B1C2D}.Release|x86.Build.0 = Release|Any CPU
		{6J8I9H0A-1F3A-4B5C-6D7E-8F9A0B1C2D3E}.Debug|Any CPU.ActiveCfg = Debug|Any CPU
		{6J8I9H0A-1F3A-4B5C-6D7E-8F9A0B1C2D3E}.Debug|Any CPU.Build.0 = Debug|Any CPU
		{6J8I9H0A-1F3A-4B5C-6D7E-8F9A0B1C2D3E}.Debug|x64.ActiveCfg = Debug|Any CPU
		{6J8I9H0A-1F3A-4B5C-6D7E-8F9A0B1C2D3E}.Debug|x64.Build.0 = Debug|Any CPU
		{6J8I9H0A-1F3A-4B5C-6D7E-8F9A0B1C2D3E}.Debug|x86.ActiveCfg = Debug|Any CPU
		{6J8I9H0A-1F3A-4B5C-6D7E-8F9A0B1C2D3E}.Debug|x86.Build.0 = Debug|Any CPU
		{6J8I9H0A-1F3A-4B5C-6D7E-8F9A0B1C2D3E}.Release|Any CPU.ActiveCfg = Release|Any CPU
		{6J8I9H0A-1F3A-4B5C-6D7E-8F9A0B1C2D3E}.Release|Any CPU.Build.0 = Release|Any CPU
		{6J8I9H0A-1F3A-4B5C-6D7E-8F9A0B1C2D3E}.Release|x64.ActiveCfg = Release|Any CPU
		{6J8I9H0A-1F3A-4B5C-6D7E-8F9A0B1C2D3E}.Release|x64.Build.0 = Release|Any CPU
		{6J8I9H0A-1F3A-4B5C-6D7E-8F9A0B1C2D3E}.Release|x86.ActiveCfg = Release|Any CPU
		{6J8I9H0A-1F3A-4B5C-6D7E-8F9A0B1C2D3E}.Release|x86.Build.0 = Release|Any CPU
